
Microsoft Visual Studio Solution File, Format Version 12.00
# Visual Studio Version 17
VisualStudioVersion = 17.0.31903.59
MinimumVisualStudioVersion = 10.0.40219.1
Project("{9A19103F-16F7-4668-BE54-9A1E7A4F7556}") = "Expense_Tracker_Data", "EXpense_Tracker_Data\Expense_Tracker_Data.csproj", "{816627F6-0ED0-48C0-A9E5-FBB2FB99FCDC}"
EndProject
Project("{9A19103F-16F7-4668-BE54-9A1E7A4F7556}") = "Expense_Tracker_Domain", "Expense_Tracker_Domain\Expense_Tracker_Domain.csproj", "{BCC2FD51-4D65-45D2-9596-CDD7AE438918}"
EndProject
Project("{FAE04EC0-301F-11D3-BF4B-00C04F79EFBC}") = "Expense_Tracker_API", "Expense_Tracker_API\Expense_Tracker_API.csproj", "{59221BA5-D808-4E32-8D45-1371E6539F8E}"
EndProject
Global
	GlobalSection(SolutionConfigurationPlatforms) = preSolution
		Debug|Any CPU = Debug|Any CPU
		Release|Any CPU = Release|Any CPU
	EndGlobalSection
	GlobalSection(ProjectConfigurationPlatforms) = postSolution
		{816627F6-0ED0-48C0-A9E5-FBB2FB99FCDC}.Debug|Any CPU.ActiveCfg = Debug|Any CPU
		{816627F6-0ED0-48C0-A9E5-FBB2FB99FCDC}.Debug|Any CPU.Build.0 = Debug|Any CPU
		{816627F6-0ED0-48C0-A9E5-FBB2FB99FCDC}.Release|Any CPU.ActiveCfg = Release|Any CPU
		{816627F6-0ED0-48C0-A9E5-FBB2FB99FCDC}.Release|Any CPU.Build.0 = Release|Any CPU
		{BCC2FD51-4D65-45D2-9596-CDD7AE438918}.Debug|Any CPU.ActiveCfg = Debug|Any CPU
		{BCC2FD51-4D65-45D2-9596-CDD7AE438918}.Debug|Any CPU.Build.0 = Debug|Any CPU
		{BCC2FD51-4D65-45D2-9596-CDD7AE438918}.Release|Any CPU.ActiveCfg = Release|Any CPU
		{BCC2FD51-4D65-45D2-9596-CDD7AE438918}.Release|Any CPU.Build.0 = Release|Any CPU
		{59221BA5-D808-4E32-8D45-1371E6539F8E}.Debug|Any CPU.ActiveCfg = Debug|Any CPU
		{59221BA5-D808-4E32-8D45-1371E6539F8E}.Debug|Any CPU.Build.0 = Debug|Any CPU
		{59221BA5-D808-4E32-8D45-1371E6539F8E}.Release|Any CPU.ActiveCfg = Release|Any CPU
		{59221BA5-D808-4E32-8D45-1371E6539F8E}.Release|Any CPU.Build.0 = Release|Any CPU
	EndGlobalSection
	GlobalSection(SolutionProperties) = preSolution
		HideSolutionNode = FALSE
	EndGlobalSection
	GlobalSection(ExtensibilityGlobals) = postSolution
		SolutionGuid = {AF7752C1-B1C8-4F00-90BD-CC077DEE9D87}
	EndGlobalSection
EndGlobal
